
Microsoft Visual Studio Solution File, Format Version 12.00
# Visual Studio Version 17
VisualStudioVersion = 17.7.34031.279
MinimumVisualStudioVersion = 10.0.40219.1
Project("{9A19103F-16F7-4668-BE54-9A1E7A4F7556}") = "Pink_Panthers_Project", "CS-3750-Pink_Panthers\Pink_Panthers_Project.csproj", "{5FD8B871-8044-407C-AA3F-B7AE2E661AC5}"
EndProject
Project("{9A19103F-16F7-4668-BE54-9A1E7A4F7556}") = "Pink_Panthers_Test", "Pink_Panthers_Test\Pink_Panthers_Test.csproj", "{6CB62BF3-D549-4CCE-AAA5-33F9D292156F}"
EndProject
Project("{FAE04EC0-301F-11D3-BF4B-00C04F79EFBC}") = "SeleniumTests", "SeleniumTests\SeleniumTests.csproj", "{001A4437-2C52-4F29-B6F6-F25BD3491309}"
EndProject
Global
	GlobalSection(SolutionConfigurationPlatforms) = preSolution
		Debug|Any CPU = Debug|Any CPU
		Release|Any CPU = Release|Any CPU
	EndGlobalSection
	GlobalSection(ProjectConfigurationPlatforms) = postSolution
		{5FD8B871-8044-407C-AA3F-B7AE2E661AC5}.Debug|Any CPU.ActiveCfg = Debug|Any CPU
		{5FD8B871-8044-407C-AA3F-B7AE2E661AC5}.Debug|Any CPU.Build.0 = Debug|Any CPU
		{5FD8B871-8044-407C-AA3F-B7AE2E661AC5}.Release|Any CPU.ActiveCfg = Release|Any CPU
		{5FD8B871-8044-407C-AA3F-B7AE2E661AC5}.Release|Any CPU.Build.0 = Release|Any CPU
		{6CB62BF3-D549-4CCE-AAA5-33F9D292156F}.Debug|Any CPU.ActiveCfg = Debug|Any CPU
		{6CB62BF3-D549-4CCE-AAA5-33F9D292156F}.Debug|Any CPU.Build.0 = Debug|Any CPU
		{6CB62BF3-D549-4CCE-AAA5-33F9D292156F}.Release|Any CPU.ActiveCfg = Release|Any CPU
		{6CB62BF3-D549-4CCE-AAA5-33F9D292156F}.Release|Any CPU.Build.0 = Release|Any CPU
		{001A4437-2C52-4F29-B6F6-F25BD3491309}.Debug|Any CPU.ActiveCfg = Debug|Any CPU
		{001A4437-2C52-4F29-B6F6-F25BD3491309}.Debug|Any CPU.Build.0 = Debug|Any CPU
		{001A4437-2C52-4F29-B6F6-F25BD3491309}.Release|Any CPU.ActiveCfg = Release|Any CPU
		{001A4437-2C52-4F29-B6F6-F25BD3491309}.Release|Any CPU.Build.0 = Release|Any CPU
	EndGlobalSection
	GlobalSection(SolutionProperties) = preSolution
		HideSolutionNode = FALSE
	EndGlobalSection
	GlobalSection(ExtensibilityGlobals) = postSolution
		SolutionGuid = {5CEDB62B-00BE-4D84-80D9-6678059115EA}
	EndGlobalSection
EndGlobal
